# THIS IS AN AUTOGENERATED FILE. DO NOT EDIT THIS FILE DIRECTLY.
# yarn lockfile v1


primevue@^3.35.0:
  version "3.35.0"
  resolved "https://registry.yarnpkg.com/primevue/-/primevue-3.35.0.tgz#dd12b1361c5bf731f75cc668f813b8504e43fb53"
  integrity sha512-p1YTxBtxG9SyGvHKRqO0LbacJZUYJfUOPgLu7kwhXR34E1Rcmu6iDBnZ2c3jkH+wmRL4fMzQmNnpX6DUrLtGfQ==
